
Microsoft Visual Studio Solution File, Format Version 12.00
# Visual Studio 15
VisualStudioVersion = 15.0.27703.2035
MinimumVisualStudioVersion = 10.0.40219.1
Project("{FAE04EC0-301F-11D3-BF4B-00C04F79EFBC}") = "DistributedComputingLibrary", "DistributedComputingLibrary\DistributedComputingLibrary.csproj", "{DC29FBFE-F605-4D45-8CD4-35CCDE3E8526}"
EndProject
Global
	GlobalSection(SolutionConfigurationPlatforms) = preSolution
		Debug|Any CPU = Debug|Any CPU
		Release|Any CPU = Release|Any CPU
	EndGlobalSection
	GlobalSection(ProjectConfigurationPlatforms) = postSolution
		{DC29FBFE-F605-4D45-8CD4-35CCDE3E8526}.Debug|Any CPU.ActiveCfg = Debug|Any CPU
		{DC29FBFE-F605-4D45-8CD4-35CCDE3E8526}.Debug|Any CPU.Build.0 = Debug|Any CPU
		{DC29FBFE-F605-4D45-8CD4-35CCDE3E8526}.Release|Any CPU.ActiveCfg = Release|Any CPU
		{DC29FBFE-F605-4D45-8CD4-35CCDE3E8526}.Release|Any CPU.Build.0 = Release|Any CPU
	EndGlobalSection
	GlobalSection(SolutionProperties) = preSolution
		HideSolutionNode = FALSE
	EndGlobalSection
	GlobalSection(ExtensibilityGlobals) = postSolution
		SolutionGuid = {29447E6B-DA01-4273-A059-1B183C3A4F1D}
	EndGlobalSection
EndGlobal
