
Microsoft Visual Studio Solution File, Format Version 12.00
# Visual Studio 15
VisualStudioVersion = 15.0.28307.102
MinimumVisualStudioVersion = 10.0.40219.1
Project("{FAE04EC0-301F-11D3-BF4B-00C04F79EFBC}") = "MaxIsomorphicSubgraphProblem", "MaxIsomorphicSubgraphProblem\MaxIsomorphicSubgraphProblem.csproj", "{DD439ABF-F971-4CA4-BCBA-E63B3A6DE3E2}"
EndProject
Global
	GlobalSection(SolutionConfigurationPlatforms) = preSolution
		Debug|Any CPU = Debug|Any CPU
		Release|Any CPU = Release|Any CPU
	EndGlobalSection
	GlobalSection(ProjectConfigurationPlatforms) = postSolution
		{DD439ABF-F971-4CA4-BCBA-E63B3A6DE3E2}.Debug|Any CPU.ActiveCfg = Debug|Any CPU
		{DD439ABF-F971-4CA4-BCBA-E63B3A6DE3E2}.Debug|Any CPU.Build.0 = Debug|Any CPU
		{DD439ABF-F971-4CA4-BCBA-E63B3A6DE3E2}.Release|Any CPU.ActiveCfg = Release|Any CPU
		{DD439ABF-F971-4CA4-BCBA-E63B3A6DE3E2}.Release|Any CPU.Build.0 = Release|Any CPU
	EndGlobalSection
	GlobalSection(SolutionProperties) = preSolution
		HideSolutionNode = FALSE
	EndGlobalSection
	GlobalSection(ExtensibilityGlobals) = postSolution
		SolutionGuid = {D7E8A9EB-16A5-4E5D-BCE9-2F0A75F5DD0A}
	EndGlobalSection
EndGlobal
